
Microsoft Visual Studio Solution File, Format Version 12.00
# Visual Studio 15
VisualStudioVersion = 15.0.27130.2036
MinimumVisualStudioVersion = 10.0.40219.1
Project("{FAE04EC0-301F-11D3-BF4B-00C04F79EFBC}") = "ConsoleApp14", "ConsoleApp14\ConsoleApp14.csproj", "{EFEFE2E2-4C7B-4FC5-A384-560D4C3CA8BF}"
EndProject
Global
	GlobalSection(SolutionConfigurationPlatforms) = preSolution
		Debug|Any CPU = Debug|Any CPU
		Release|Any CPU = Release|Any CPU
	EndGlobalSection
	GlobalSection(ProjectConfigurationPlatforms) = postSolution
		{EFEFE2E2-4C7B-4FC5-A384-560D4C3CA8BF}.Debug|Any CPU.ActiveCfg = Debug|Any CPU
		{EFEFE2E2-4C7B-4FC5-A384-560D4C3CA8BF}.Debug|Any CPU.Build.0 = Debug|Any CPU
		{EFEFE2E2-4C7B-4FC5-A384-560D4C3CA8BF}.Release|Any CPU.ActiveCfg = Release|Any CPU
		{EFEFE2E2-4C7B-4FC5-A384-560D4C3CA8BF}.Release|Any CPU.Build.0 = Release|Any CPU
	EndGlobalSection
	GlobalSection(SolutionProperties) = preSolution
		HideSolutionNode = FALSE
	EndGlobalSection
	GlobalSection(ExtensibilityGlobals) = postSolution
		SolutionGuid = {D8AD512E-6F74-441E-A30A-39E2CA63FD98}
	EndGlobalSection
EndGlobal
